
Microsoft Visual Studio Solution File, Format Version 12.00
# Visual Studio Version 17
VisualStudioVersion = 17.8.34330.188
MinimumVisualStudioVersion = 10.0.40219.1
Project("{FAE04EC0-301F-11D3-BF4B-00C04F79EFBC}") = "MoreCountermeasures", "MoreCountermeasures.csproj", "{1DCDC665-7C04-4BA3-BA83-E590A55ECDEF}"
EndProject
Global
	GlobalSection(SolutionConfigurationPlatforms) = preSolution
		Debug|Any CPU = Debug|Any CPU
		Release|Any CPU = Release|Any CPU
	EndGlobalSection
	GlobalSection(ProjectConfigurationPlatforms) = postSolution
		{1DCDC665-7C04-4BA3-BA83-E590A55ECDEF}.Debug|Any CPU.ActiveCfg = Debug|Any CPU
		{1DCDC665-7C04-4BA3-BA83-E590A55ECDEF}.Debug|Any CPU.Build.0 = Debug|Any CPU
		{1DCDC665-7C04-4BA3-BA83-E590A55ECDEF}.Release|Any CPU.ActiveCfg = Release|Any CPU
		{1DCDC665-7C04-4BA3-BA83-E590A55ECDEF}.Release|Any CPU.Build.0 = Release|Any CPU
	EndGlobalSection
	GlobalSection(SolutionProperties) = preSolution
		HideSolutionNode = FALSE
	EndGlobalSection
	GlobalSection(ExtensibilityGlobals) = postSolution
		SolutionGuid = {73FFF28C-D6C9-4C15-BAE4-B78B5F66A98F}
	EndGlobalSection
EndGlobal
